
Microsoft Visual Studio Solution File, Format Version 12.00
# Visual Studio 15
VisualStudioVersion = 15.0.28307.705
MinimumVisualStudioVersion = 10.0.40219.1
Project("{FAE04EC0-301F-11D3-BF4B-00C04F79EFBC}") = "Cliente", "Proyecto1_2s19_201503712\Cliente.csproj", "{91BE50CD-A06C-49BE-847A-C5A0C7BF6908}"
EndProject
Project("{FAE04EC0-301F-11D3-BF4B-00C04F79EFBC}") = "Servidor", "Servidor\Servidor.csproj", "{182660A6-B9AD-47D6-B50D-794B04ADB5F7}"
EndProject
Global
	GlobalSection(SolutionConfigurationPlatforms) = preSolution
		Debug|Any CPU = Debug|Any CPU
		Release|Any CPU = Release|Any CPU
	EndGlobalSection
	GlobalSection(ProjectConfigurationPlatforms) = postSolution
		{91BE50CD-A06C-49BE-847A-C5A0C7BF6908}.Debug|Any CPU.ActiveCfg = Debug|Any CPU
		{91BE50CD-A06C-49BE-847A-C5A0C7BF6908}.Debug|Any CPU.Build.0 = Debug|Any CPU
		{91BE50CD-A06C-49BE-847A-C5A0C7BF6908}.Release|Any CPU.ActiveCfg = Release|Any CPU
		{91BE50CD-A06C-49BE-847A-C5A0C7BF6908}.Release|Any CPU.Build.0 = Release|Any CPU
		{182660A6-B9AD-47D6-B50D-794B04ADB5F7}.Debug|Any CPU.ActiveCfg = Debug|Any CPU
		{182660A6-B9AD-47D6-B50D-794B04ADB5F7}.Debug|Any CPU.Build.0 = Debug|Any CPU
		{182660A6-B9AD-47D6-B50D-794B04ADB5F7}.Release|Any CPU.ActiveCfg = Release|Any CPU
		{182660A6-B9AD-47D6-B50D-794B04ADB5F7}.Release|Any CPU.Build.0 = Release|Any CPU
	EndGlobalSection
	GlobalSection(SolutionProperties) = preSolution
		HideSolutionNode = FALSE
	EndGlobalSection
	GlobalSection(ExtensibilityGlobals) = postSolution
		SolutionGuid = {4A54C420-2256-4835-B3BA-993AFA599903}
	EndGlobalSection
EndGlobal
